// !$*UTF8*$!
{
	archiveVersion = 1;
	classes = {
	};
	objectVersion = 48;
	objects = {

/* Begin PBXBuildFile section */
		01EFFDE635A981121CBC040C /* Pods_AddaChat.framework in Frameworks */ = {isa = PBXBuildFile; fileRef = C084664AA0C826EF0542470C /* Pods_AddaChat.framework */; };
		879406901FB5B52F000859F6 /* AppDelegate.swift in Sources */ = {isa = PBXBuildFile; fileRef = 8794068F1FB5B52F000859F6 /* AppDelegate.swift */; };
		879406921FB5B52F000859F6 /* ChatViewController.swift in Sources */ = {isa = PBXBuildFile; fileRef = 879406911FB5B52F000859F6 /* ChatViewController.swift */; };
		879406951FB5B52F000859F6 /* Main.storyboard in Resources */ = {isa = PBXBuildFile; fileRef = 879406931FB5B52F000859F6 /* Main.storyboard */; };
		879406971FB5B52F000859F6 /* Assets.xcassets in Resources */ = {isa = PBXBuildFile; fileRef = 879406961FB5B52F000859F6 /* Assets.xcassets */; };
		8794069A1FB5B52F000859F6 /* LaunchScreen.storyboard in Resources */ = {isa = PBXBuildFile; fileRef = 879406981FB5B52F000859F6 /* LaunchScreen.storyboard */; };
		87A6D1091FB5EA8500F72742 /* ChatService.swift in Sources */ = {isa = PBXBuildFile; fileRef = 87A6D1081FB5EA8500F72742 /* ChatService.swift */; };
/* End PBXBuildFile section */

/* Begin PBXFileReference section */
		12E571FC6367DB891EB5965C /* Pods-AddaChat.debug.xcconfig */ = {isa = PBXFileReference; includeInIndex = 1; lastKnownFileType = text.xcconfig; name = "Pods-AddaChat.debug.xcconfig"; path = "Pods/Target Support Files/Pods-AddaChat/Pods-AddaChat.debug.xcconfig"; sourceTree = "<group>"; };
		567F9A975AD0E7B14B4F12CA /* Pods-AddaChat.release.xcconfig */ = {isa = PBXFileReference; includeInIndex = 1; lastKnownFileType = text.xcconfig; name = "Pods-AddaChat.release.xcconfig"; path = "Pods/Target Support Files/Pods-AddaChat/Pods-AddaChat.release.xcconfig"; sourceTree = "<group>"; };
		8794068C1FB5B52F000859F6 /* AddaChat.app */ = {isa = PBXFileReference; explicitFileType = wrapper.application; includeInIndex = 0; path = AddaChat.app; sourceTree = BUILT_PRODUCTS_DIR; };
		8794068F1FB5B52F000859F6 /* AppDelegate.swift */ = {isa = PBXFileReference; lastKnownFileType = sourcecode.swift; path = AppDelegate.swift; sourceTree = "<group>"; };
		879406911FB5B52F000859F6 /* ChatViewController.swift */ = {isa = PBXFileReference; lastKnownFileType = sourcecode.swift; path = ChatViewController.swift; sourceTree = "<group>"; };
		879406941FB5B52F000859F6 /* Base */ = {isa = PBXFileReference; lastKnownFileType = file.storyboard; name = Base; path = Base.lproj/Main.storyboard; sourceTree = "<group>"; };
		879406961FB5B52F000859F6 /* Assets.xcassets */ = {isa = PBXFileReference; lastKnownFileType = folder.assetcatalog; path = Assets.xcassets; sourceTree = "<group>"; };
		879406991FB5B52F000859F6 /* Base */ = {isa = PBXFileReference; lastKnownFileType = file.storyboard; name = Base; path = Base.lproj/LaunchScreen.storyboard; sourceTree = "<group>"; };
		8794069B1FB5B52F000859F6 /* Info.plist */ = {isa = PBXFileReference; lastKnownFileType = text.plist.xml; path = Info.plist; sourceTree = "<group>"; };
		87A6D1081FB5EA8500F72742 /* ChatService.swift */ = {isa = PBXFileReference; lastKnownFileType = sourcecode.swift; path = ChatService.swift; sourceTree = "<group>"; };
		C084664AA0C826EF0542470C /* Pods_AddaChat.framework */ = {isa = PBXFileReference; explicitFileType = wrapper.framework; includeInIndex = 0; path = Pods_AddaChat.framework; sourceTree = BUILT_PRODUCTS_DIR; };
/* End PBXFileReference section */

/* Begin PBXFrameworksBuildPhase section */
		879406891FB5B52F000859F6 /* Frameworks */ = {
			isa = PBXFrameworksBuildPhase;
			buildActionMask = 2147483647;
			files = (
				01EFFDE635A981121CBC040C /* Pods_AddaChat.framework in Frameworks */,
			);
			runOnlyForDeploymentPostprocessing = 0;
		};
/* End PBXFrameworksBuildPhase section */

/* Begin PBXGroup section */
		8519E0122932C4E9AC551237 /* Pods */ = {
			isa = PBXGroup;
			children = (
				12E571FC6367DB891EB5965C /* Pods-AddaChat.debug.xcconfig */,
				567F9A975AD0E7B14B4F12CA /* Pods-AddaChat.release.xcconfig */,
			);
			name = Pods;
			sourceTree = "<group>";
		};
		879406831FB5B52F000859F6 = {
			isa = PBXGroup;
			children = (
				8794068E1FB5B52F000859F6 /* AddaChat */,
				8794068D1FB5B52F000859F6 /* Products */,
				8519E0122932C4E9AC551237 /* Pods */,
				C39C03E2996FEC880F538897 /* Frameworks */,
			);
			sourceTree = "<group>";
		};
		8794068D1FB5B52F000859F6 /* Products */ = {
			isa = PBXGroup;
			children = (
				8794068C1FB5B52F000859F6 /* AddaChat.app */,
			);
			name = Products;
			sourceTree = "<group>";
		};
		8794068E1FB5B52F000859F6 /* AddaChat */ = {
			isa = PBXGroup;
			children = (
				87A6D1071FB5EA6F00F72742 /* Model */,
				8794069B1FB5B52F000859F6 /* Info.plist */,
				8794068F1FB5B52F000859F6 /* AppDelegate.swift */,
				879406A11FB5B550000859F6 /* View */,
				879406A21FB5B55A000859F6 /* Supporting Files */,
			);
			path = AddaChat;
			sourceTree = "<group>";
		};
		879406A11FB5B550000859F6 /* View */ = {
			isa = PBXGroup;
			children = (
				879406911FB5B52F000859F6 /* ChatViewController.swift */,
				879406931FB5B52F000859F6 /* Main.storyboard */,
			);
			path = View;
			sourceTree = "<group>";
		};
		879406A21FB5B55A000859F6 /* Supporting Files */ = {
			isa = PBXGroup;
			children = (
				879406961FB5B52F000859F6 /* Assets.xcassets */,
				879406981FB5B52F000859F6 /* LaunchScreen.storyboard */,
			);
			path = "Supporting Files";
			sourceTree = "<group>";
		};
		87A6D1071FB5EA6F00F72742 /* Model */ = {
			isa = PBXGroup;
			children = (
				87A6D1081FB5EA8500F72742 /* ChatService.swift */,
			);
			path = Model;
			sourceTree = "<group>";
		};
		C39C03E2996FEC880F538897 /* Frameworks */ = {
			isa = PBXGroup;
			children = (
				C084664AA0C826EF0542470C /* Pods_AddaChat.framework */,
			);
			name = Frameworks;
			sourceTree = "<group>";
		};
/* End PBXGroup section */

/* Begin PBXNativeTarget section */
		8794068B1FB5B52F000859F6 /* AddaChat */ = {
			isa = PBXNativeTarget;
			buildConfigurationList = 8794069E1FB5B52F000859F6 /* Build configuration list for PBXNativeTarget "AddaChat" */;
			buildPhases = (
				8713CDE5200746BD5AB36D15 /* [CP] Check Pods Manifest.lock */,
				879406881FB5B52F000859F6 /* Sources */,
				879406891FB5B52F000859F6 /* Frameworks */,
				8794068A1FB5B52F000859F6 /* Resources */,
				07FD2E00180D054A79954E42 /* [CP] Embed Pods Frameworks */,
				63AF65FB47092D275A88B926 /* [CP] Copy Pods Resources */,
			);
			buildRules = (
			);
			dependencies = (
			);
			name = AddaChat;
			productName = AddaChat;
			productReference = 8794068C1FB5B52F000859F6 /* AddaChat.app */;
			productType = "com.apple.product-type.application";
		};
/* End PBXNativeTarget section */

/* Begin PBXProject section */
		879406841FB5B52F000859F6 /* Project object */ = {
			isa = PBXProject;
			attributes = {
				LastSwiftUpdateCheck = 0910;
				LastUpgradeCheck = 0910;
				ORGANIZATIONNAME = Onlinico;
				TargetAttributes = {
					8794068B1FB5B52F000859F6 = {
						CreatedOnToolsVersion = 9.1;
						ProvisioningStyle = Automatic;
					};
				};
			};
			buildConfigurationList = 879406871FB5B52F000859F6 /* Build configuration list for PBXProject "AddaChat" */;
			compatibilityVersion = "Xcode 8.0";
			developmentRegion = en;
			hasScannedForEncodings = 0;
			knownRegions = (
				en,
				Base,
			);
			mainGroup = 879406831FB5B52F000859F6;
			productRefGroup = 8794068D1FB5B52F000859F6 /* Products */;
			projectDirPath = "";
			projectRoot = "";
			targets = (
				8794068B1FB5B52F000859F6 /* AddaChat */,
			);
		};
/* End PBXProject section */

/* Begin PBXResourcesBuildPhase section */
		8794068A1FB5B52F000859F6 /* Resources */ = {
			isa = PBXResourcesBuildPhase;
			buildActionMask = 2147483647;
			files = (
				8794069A1FB5B52F000859F6 /* LaunchScreen.storyboard in Resources */,
				879406971FB5B52F000859F6 /* Assets.xcassets in Resources */,
				879406951FB5B52F000859F6 /* Main.storyboard in Resources */,
			);
			runOnlyForDeploymentPostprocessing = 0;
		};
/* End PBXResourcesBuildPhase section */

/* Begin PBXShellScriptBuildPhase section */
		07FD2E00180D054A79954E42 /* [CP] Embed Pods Frameworks */ = {
			isa = PBXShellScriptBuildPhase;
			buildActionMask = 2147483647;
			files = (
			);
			inputPaths = (
				"${SRCROOT}/Pods/Target Support Files/Pods-AddaChat/Pods-AddaChat-frameworks.sh",
				"${BUILT_PRODUCTS_DIR}/Starscream/Starscream.framework",
			);
			name = "[CP] Embed Pods Frameworks";
			outputPaths = (
				"${TARGET_BUILD_DIR}/${FRAMEWORKS_FOLDER_PATH}/Starscream.framework",
			);
			runOnlyForDeploymentPostprocessing = 0;
			shellPath = /bin/sh;
			shellScript = "\"${SRCROOT}/Pods/Target Support Files/Pods-AddaChat/Pods-AddaChat-frameworks.sh\"\n";
			showEnvVarsInLog = 0;
		};
		63AF65FB47092D275A88B926 /* [CP] Copy Pods Resources */ = {
			isa = PBXShellScriptBuildPhase;
			buildActionMask = 2147483647;
			files = (
			);
			inputPaths = (
			);
			name = "[CP] Copy Pods Resources";
			outputPaths = (
			);
			runOnlyForDeploymentPostprocessing = 0;
			shellPath = /bin/sh;
			shellScript = "\"${SRCROOT}/Pods/Target Support Files/Pods-AddaChat/Pods-AddaChat-resources.sh\"\n";
			showEnvVarsInLog = 0;
		};
		8713CDE5200746BD5AB36D15 /* [CP] Check Pods Manifest.lock */ = {
			isa = PBXShellScriptBuildPhase;
			buildActionMask = 2147483647;
			files = (
			);
			inputPaths = (
				"${PODS_PODFILE_DIR_PATH}/Podfile.lock",
				"${PODS_ROOT}/Manifest.lock",
			);
			name = "[CP] Check Pods Manifest.lock";
			outputPaths = (
				"$(DERIVED_FILE_DIR)/Pods-AddaChat-checkManifestLockResult.txt",
			);
			runOnlyForDeploymentPostprocessing = 0;
			shellPath = /bin/sh;
			shellScript = "diff \"${PODS_PODFILE_DIR_PATH}/Podfile.lock\" \"${PODS_ROOT}/Manifest.lock\" > /dev/null\nif [ $? != 0 ] ; then\n    # print error to STDERR\n    echo \"error: The sandbox is not in sync with the Podfile.lock. Run 'pod install' or update your CocoaPods installation.\" >&2\n    exit 1\nfi\n# This output is used by Xcode 'outputs' to avoid re-running this script phase.\necho \"SUCCESS\" > \"${SCRIPT_OUTPUT_FILE_0}\"\n";
			showEnvVarsInLog = 0;
		};
/* End PBXShellScriptBuildPhase section */

/* Begin PBXSourcesBuildPhase section */
		879406881FB5B52F000859F6 /* Sources */ = {
			isa = PBXSourcesBuildPhase;
			buildActionMask = 2147483647;
			files = (
				879406921FB5B52F000859F6 /* ChatViewController.swift in Sources */,
				879406901FB5B52F000859F6 /* AppDelegate.swift in Sources */,
				87A6D1091FB5EA8500F72742 /* ChatService.swift in Sources */,
			);
			runOnlyForDeploymentPostprocessing = 0;
		};
/* End PBXSourcesBuildPhase section */

/* Begin PBXVariantGroup section */
		879406931FB5B52F000859F6 /* Main.storyboard */ = {
			isa = PBXVariantGroup;
			children = (
				879406941FB5B52F000859F6 /* Base */,
			);
			name = Main.storyboard;
			sourceTree = "<group>";
		};
		879406981FB5B52F000859F6 /* LaunchScreen.storyboard */ = {
			isa = PBXVariantGroup;
			children = (
				879406991FB5B52F000859F6 /* Base */,
			);
			name = LaunchScreen.storyboard;
			sourceTree = "<group>";
		};
/* End PBXVariantGroup section */

/* Begin XCBuildConfiguration section */
		8794069C1FB5B52F000859F6 /* Debug */ = {
			isa = XCBuildConfiguration;
			buildSettings = {
				ALWAYS_SEARCH_USER_PATHS = NO;
				CLANG_ANALYZER_NONNULL = YES;
				CLANG_ANALYZER_NUMBER_OBJECT_CONVERSION = YES_AGGRESSIVE;
				CLANG_CXX_LANGUAGE_STANDARD = "gnu++14";
				CLANG_CXX_LIBRARY = "libc++";
				CLANG_ENABLE_MODULES = YES;
				CLANG_ENABLE_OBJC_ARC = YES;
				CLANG_WARN_BLOCK_CAPTURE_AUTORELEASING = YES;
				CLANG_WARN_BOOL_CONVERSION = YES;
				CLANG_WARN_COMMA = YES;
				CLANG_WARN_CONSTANT_CONVERSION = YES;
				CLANG_WARN_DIRECT_OBJC_ISA_USAGE = YES_ERROR;
				CLANG_WARN_DOCUMENTATION_COMMENTS = YES;
				CLANG_WARN_EMPTY_BODY = YES;
				CLANG_WARN_ENUM_CONVERSION = YES;
				CLANG_WARN_INFINITE_RECURSION = YES;
				CLANG_WARN_INT_CONVERSION = YES;
				CLANG_WARN_NON_LITERAL_NULL_CONVERSION = YES;
				CLANG_WARN_OBJC_LITERAL_CONVERSION = YES;
				CLANG_WARN_OBJC_ROOT_CLASS = YES_ERROR;
				CLANG_WARN_RANGE_LOOP_ANALYSIS = YES;
				CLANG_WARN_STRICT_PROTOTYPES = YES;
				CLANG_WARN_SUSPICIOUS_MOVE = YES;
				CLANG_WARN_UNGUARDED_AVAILABILITY = YES_AGGRESSIVE;
				CLANG_WARN_UNREACHABLE_CODE = YES;
				CLANG_WARN__DUPLICATE_METHOD_MATCH = YES;
				CODE_SIGN_IDENTITY = "iPhone Developer";
				COPY_PHASE_STRIP = NO;
				DEBUG_INFORMATION_FORMAT = dwarf;
				ENABLE_STRICT_OBJC_MSGSEND = YES;
				ENABLE_TESTABILITY = YES;
				GCC_C_LANGUAGE_STANDARD = gnu11;
				GCC_DYNAMIC_NO_PIC = NO;
				GCC_NO_COMMON_BLOCKS = YES;
				GCC_OPTIMIZATION_LEVEL = 0;
				GCC_PREPROCESSOR_DEFINITIONS = (
					"DEBUG=1",
					"$(inherited)",
				);
				GCC_WARN_64_TO_32_BIT_CONVERSION = YES;
				GCC_WARN_ABOUT_RETURN_TYPE = YES_ERROR;
				GCC_WARN_UNDECLARED_SELECTOR = YES;
				GCC_WARN_UNINITIALIZED_AUTOS = YES_AGGRESSIVE;
				GCC_WARN_UNUSED_FUNCTION = YES;
				GCC_WARN_UNUSED_VARIABLE = YES;
				IPHONEOS_DEPLOYMENT_TARGET = 11.1;
				MTL_ENABLE_DEBUG_INFO = YES;
				ONLY_ACTIVE_ARCH = YES;
				SDKROOT = iphoneos;
				SWIFT_ACTIVE_COMPILATION_CONDITIONS = DEBUG;
				SWIFT_OPTIMIZATION_LEVEL = "-Onone";
			};
			name = Debug;
		};
		8794069D1FB5B52F000859F6 /* Release */ = {
			isa = XCBuildConfiguration;
			buildSettings = {
				ALWAYS_SEARCH_USER_PATHS = NO;
				CLANG_ANALYZER_NONNULL = YES;
				CLANG_ANALYZER_NUMBER_OBJECT_CONVERSION = YES_AGGRESSIVE;
				CLANG_CXX_LANGUAGE_STANDARD = "gnu++14";
				CLANG_CXX_LIBRARY = "libc++";
				CLANG_ENABLE_MODULES = YES;
				CLANG_ENABLE_OBJC_ARC = YES;
				CLANG_WARN_BLOCK_CAPTURE_AUTORELEASING = YES;
				CLANG_WARN_BOOL_CONVERSION = YES;
				CLANG_WARN_COMMA = YES;
				CLANG_WARN_CONSTANT_CONVERSION = YES;
				CLANG_WARN_DIRECT_OBJC_ISA_USAGE = YES_ERROR;
				CLANG_WARN_DOCUMENTATION_COMMENTS = YES;
				CLANG_WARN_EMPTY_BODY = YES;
				CLANG_WARN_ENUM_CONVERSION = YES;
				CLANG_WARN_INFINITE_RECURSION = YES;
				CLANG_WARN_INT_CONVERSION = YES;
				CLANG_WARN_NON_LITERAL_NULL_CONVERSION = YES;
				CLANG_WARN_OBJC_LITERAL_CONVERSION = YES;
				CLANG_WARN_OBJC_ROOT_CLASS = YES_ERROR;
				CLANG_WARN_RANGE_LOOP_ANALYSIS = YES;
				CLANG_WARN_STRICT_PROTOTYPES = YES;
				CLANG_WARN_SUSPICIOUS_MOVE = YES;
				CLANG_WARN_UNGUARDED_AVAILABILITY = YES_AGGRESSIVE;
				CLANG_WARN_UNREACHABLE_CODE = YES;
				CLANG_WARN__DUPLICATE_METHOD_MATCH = YES;
				CODE_SIGN_IDENTITY = "iPhone Developer";
				COPY_PHASE_STRIP = NO;
				DEBUG_INFORMATION_FORMAT = "dwarf-with-dsym";
				ENABLE_NS_ASSERTIONS = NO;
				ENABLE_STRICT_OBJC_MSGSEND = YES;
				GCC_C_LANGUAGE_STANDARD = gnu11;
				GCC_NO_COMMON_BLOCKS = YES;
				GCC_WARN_64_TO_32_BIT_CONVERSION = YES;
				GCC_WARN_ABOUT_RETURN_TYPE = YES_ERROR;
				GCC_WARN_UNDECLARED_SELECTOR = YES;
				GCC_WARN_UNINITIALIZED_AUTOS = YES_AGGRESSIVE;
				GCC_WARN_UNUSED_FUNCTION = YES;
				GCC_WARN_UNUSED_VARIABLE = YES;
				IPHONEOS_DEPLOYMENT_TARGET = 11.1;
				MTL_ENABLE_DEBUG_INFO = NO;
				SDKROOT = iphoneos;
				SWIFT_OPTIMIZATION_LEVEL = "-Owholemodule";
				VALIDATE_PRODUCT = YES;
			};
			name = Release;
		};
		8794069F1FB5B52F000859F6 /* Debug */ = {
			isa = XCBuildConfiguration;
			baseConfigurationReference = 12E571FC6367DB891EB5965C /* Pods-AddaChat.debug.xcconfig */;
			buildSettings = {
				ASSETCATALOG_COMPILER_APPICON_NAME = AppIcon;
				CODE_SIGN_STYLE = Automatic;
				DEVELOPMENT_TEAM = "";
				INFOPLIST_FILE = AddaChat/Info.plist;
				LD_RUNPATH_SEARCH_PATHS = "$(inherited) @executable_path/Frameworks";
				PRODUCT_BUNDLE_IDENTIFIER = onlinico.AddaChat;
				PRODUCT_NAME = "$(TARGET_NAME)";
				SWIFT_VERSION = 4.0;
				TARGETED_DEVICE_FAMILY = "1,2";
			};
			name = Debug;
		};
		879406A01FB5B52F000859F6 /* Release */ = {
			isa = XCBuildConfiguration;
			baseConfigurationReference = 567F9A975AD0E7B14B4F12CA /* Pods-AddaChat.release.xcconfig */;
			buildSettings = {
				ASSETCATALOG_COMPILER_APPICON_NAME = AppIcon;
				CODE_SIGN_STYLE = Automatic;
				DEVELOPMENT_TEAM = "";
				INFOPLIST_FILE = AddaChat/Info.plist;
				LD_RUNPATH_SEARCH_PATHS = "$(inherited) @executable_path/Frameworks";
				PRODUCT_BUNDLE_IDENTIFIER = onlinico.AddaChat;
				PRODUCT_NAME = "$(TARGET_NAME)";
				SWIFT_VERSION = 4.0;
				TARGETED_DEVICE_FAMILY = "1,2";
			};
			name = Release;
		};
/* End XCBuildConfiguration section */

/* Begin XCConfigurationList section */
		879406871FB5B52F000859F6 /* Build configuration list for PBXProject "AddaChat" */ = {
			isa = XCConfigurationList;
			buildConfigurations = (
				8794069C1FB5B52F000859F6 /* Debug */,
				8794069D1FB5B52F000859F6 /* Release */,
			);
			defaultConfigurationIsVisible = 0;
			defaultConfigurationName = Release;
		};
		8794069E1FB5B52F000859F6 /* Build configuration list for PBXNativeTarget "AddaChat" */ = {
			isa = XCConfigurationList;
			buildConfigurations = (
				8794069F1FB5B52F000859F6 /* Debug */,
				879406A01FB5B52F000859F6 /* Release */,
			);
			defaultConfigurationIsVisible = 0;
			defaultConfigurationName = Release;
		};
/* End XCConfigurationList section */
	};
	rootObject = 879406841FB5B52F000859F6 /* Project object */;
}
